Microsoft Visual Studio Solution File, Format Version 12.00
# Visual Studio Version 17
VisualStudioVersion = 17.5.2.0
MinimumVisualStudioVersion = 10.0.40219.1
Project("{FAE04EC0-301F-11D3-BF4B-00C04F79EFBC}") = "GameLauncher", "GameLauncher\GameLauncher.csproj", "{44F96BF4-CFEA-0088-87AC-F2728CC50598}"
EndProject
Global
	GlobalSection(SolutionConfigurationPlatforms) = preSolution
		Debug|Any CPU = Debug|Any CPU
		Release|Any CPU = Release|Any CPU
	EndGlobalSection
	GlobalSection(ProjectConfigurationPlatforms) = postSolution
		{44F96BF4-CFEA-0088-87AC-F2728CC50598}.Debug|Any CPU.ActiveCfg = Debug|Any CPU
		{44F96BF4-CFEA-0088-87AC-F2728CC50598}.Debug|Any CPU.Build.0 = Debug|Any CPU
		{44F96BF4-CFEA-0088-87AC-F2728CC50598}.Release|Any CPU.ActiveCfg = Release|Any CPU
		{44F96BF4-CFEA-0088-87AC-F2728CC50598}.Release|Any CPU.Build.0 = Release|Any CPU
	EndGlobalSection
	GlobalSection(SolutionProperties) = preSolution
		HideSolutionNode = FALSE
	EndGlobalSection
	GlobalSection(ExtensibilityGlobals) = postSolution
		SolutionGuid = {1FC4FB1E-69A0-49CA-96FC-0204DDDD027C}
	EndGlobalSection
EndGlobal
